
Microsoft Visual Studio Solution File, Format Version 12.00
# Visual Studio Version 17
VisualStudioVersion = 17.8.34309.116
MinimumVisualStudioVersion = 10.0.40219.1
Project("{FAE04EC0-301F-11D3-BF4B-00C04F79EFBC}") = "OOP1", "OOP0\OOP1.csproj", "{8FD896DD-B4AC-422A-A11E-899CBB98AA63}"
EndProject
Project("{FAE04EC0-301F-11D3-BF4B-00C04F79EFBC}") = "Model", "Model\Model.csproj", "{D5E1364B-744F-4B5C-BC4F-65B50890BC39}"
EndProject
Global
	GlobalSection(SolutionConfigurationPlatforms) = preSolution
		Debug|Any CPU = Debug|Any CPU
		Release|Any CPU = Release|Any CPU
	EndGlobalSection
	GlobalSection(ProjectConfigurationPlatforms) = postSolution
		{8FD896DD-B4AC-422A-A11E-899CBB98AA63}.Debug|Any CPU.ActiveCfg = Debug|Any CPU
		{8FD896DD-B4AC-422A-A11E-899CBB98AA63}.Debug|Any CPU.Build.0 = Debug|Any CPU
		{8FD896DD-B4AC-422A-A11E-899CBB98AA63}.Release|Any CPU.ActiveCfg = Release|Any CPU
		{8FD896DD-B4AC-422A-A11E-899CBB98AA63}.Release|Any CPU.Build.0 = Release|Any CPU
		{D5E1364B-744F-4B5C-BC4F-65B50890BC39}.Debug|Any CPU.ActiveCfg = Debug|Any CPU
		{D5E1364B-744F-4B5C-BC4F-65B50890BC39}.Debug|Any CPU.Build.0 = Debug|Any CPU
		{D5E1364B-744F-4B5C-BC4F-65B50890BC39}.Release|Any CPU.ActiveCfg = Release|Any CPU
		{D5E1364B-744F-4B5C-BC4F-65B50890BC39}.Release|Any CPU.Build.0 = Release|Any CPU
	EndGlobalSection
	GlobalSection(SolutionProperties) = preSolution
		HideSolutionNode = FALSE
	EndGlobalSection
	GlobalSection(ExtensibilityGlobals) = postSolution
		SolutionGuid = {953AEA38-FEAA-4782-8B0C-B40BF668C91C}
	EndGlobalSection
EndGlobal
